
Microsoft Visual Studio Solution File, Format Version 12.00
# Visual Studio Version 16
VisualStudioVersion = 16.0.31321.278
MinimumVisualStudioVersion = 10.0.40219.1
Project("{FAE04EC0-301F-11D3-BF4B-00C04F79EFBC}") = "StratumFive.CodingChallenge.App", "StratumFive.CodingChallenge.App\StratumFive.CodingChallenge.App.csproj", "{79337E5A-5EA4-45D0-8540-627D8C3FEC81}"
EndProject
Project("{FAE04EC0-301F-11D3-BF4B-00C04F79EFBC}") = "StratumFive.CodingChallenge.Core", "StratumFive.CodingChallenge.Core\StratumFive.CodingChallenge.Core.csproj", "{899E6120-81CD-48CF-B230-C89D9E583401}"
EndProject
Project("{FAE04EC0-301F-11D3-BF4B-00C04F79EFBC}") = "StratumFive.CodingChallenge.Tests", "StratumFive.CodingChallenge.Tests\StratumFive.CodingChallenge.Tests.csproj", "{AAE974AC-1171-4390-B2D4-7B83EAFEBE5D}"
EndProject
Project("{FAE04EC0-301F-11D3-BF4B-00C04F79EFBC}") = "StratumFive.CodingChallenge.IntegrationTests", "StratumFive.CodingChallenge.IntegrationTests\StratumFive.CodingChallenge.IntegrationTests.csproj", "{B2A56FAE-29D3-4D1B-97C7-2315B10EE2A0}"
EndProject
Global
	GlobalSection(SolutionConfigurationPlatforms) = preSolution
		Debug|Any CPU = Debug|Any CPU
		Release|Any CPU = Release|Any CPU
	EndGlobalSection
	GlobalSection(ProjectConfigurationPlatforms) = postSolution
		{79337E5A-5EA4-45D0-8540-627D8C3FEC81}.Debug|Any CPU.ActiveCfg = Debug|Any CPU
		{79337E5A-5EA4-45D0-8540-627D8C3FEC81}.Debug|Any CPU.Build.0 = Debug|Any CPU
		{79337E5A-5EA4-45D0-8540-627D8C3FEC81}.Release|Any CPU.ActiveCfg = Release|Any CPU
		{79337E5A-5EA4-45D0-8540-627D8C3FEC81}.Release|Any CPU.Build.0 = Release|Any CPU
		{899E6120-81CD-48CF-B230-C89D9E583401}.Debug|Any CPU.ActiveCfg = Debug|Any CPU
		{899E6120-81CD-48CF-B230-C89D9E583401}.Debug|Any CPU.Build.0 = Debug|Any CPU
		{899E6120-81CD-48CF-B230-C89D9E583401}.Release|Any CPU.ActiveCfg = Release|Any CPU
		{899E6120-81CD-48CF-B230-C89D9E583401}.Release|Any CPU.Build.0 = Release|Any CPU
		{AAE974AC-1171-4390-B2D4-7B83EAFEBE5D}.Debug|Any CPU.ActiveCfg = Debug|Any CPU
		{AAE974AC-1171-4390-B2D4-7B83EAFEBE5D}.Debug|Any CPU.Build.0 = Debug|Any CPU
		{AAE974AC-1171-4390-B2D4-7B83EAFEBE5D}.Release|Any CPU.ActiveCfg = Release|Any CPU
		{AAE974AC-1171-4390-B2D4-7B83EAFEBE5D}.Release|Any CPU.Build.0 = Release|Any CPU
		{B2A56FAE-29D3-4D1B-97C7-2315B10EE2A0}.Debug|Any CPU.ActiveCfg = Debug|Any CPU
		{B2A56FAE-29D3-4D1B-97C7-2315B10EE2A0}.Debug|Any CPU.Build.0 = Debug|Any CPU
		{B2A56FAE-29D3-4D1B-97C7-2315B10EE2A0}.Release|Any CPU.ActiveCfg = Release|Any CPU
		{B2A56FAE-29D3-4D1B-97C7-2315B10EE2A0}.Release|Any CPU.Build.0 = Release|Any CPU
	EndGlobalSection
	GlobalSection(SolutionProperties) = preSolution
		HideSolutionNode = FALSE
	EndGlobalSection
	GlobalSection(ExtensibilityGlobals) = postSolution
		SolutionGuid = {E9A4CEFE-BAE9-4E79-8A3F-F16F4B395C11}
	EndGlobalSection
EndGlobal
